// !$*UTF8*$!
{
	archiveVersion = 1;
	classes = {
	};
	objectVersion = 48;
	objects = {

/* Begin PBXBuildFile section */
		04E7AC9B1F8333B40024BB2F /* AppDelegate.m in Sources */ = {isa = PBXBuildFile; fileRef = 04E7AC9A1F8333B40024BB2F /* AppDelegate.m */; };
		04E7AC9E1F8333B40024BB2F /* ViewController.m in Sources */ = {isa = PBXBuildFile; fileRef = 04E7AC9D1F8333B40024BB2F /* ViewController.m */; };
		04E7ACA11F8333B40024BB2F /* Main.storyboard in Resources */ = {isa = PBXBuildFile; fileRef = 04E7AC9F1F8333B40024BB2F /* Main.storyboard */; };
		04E7ACA31F8333B40024BB2F /* Assets.xcassets in Resources */ = {isa = PBXBuildFile; fileRef = 04E7ACA21F8333B40024BB2F /* Assets.xcassets */; };
		04E7ACA61F8333B40024BB2F /* LaunchScreen.storyboard in Resources */ = {isa = PBXBuildFile; fileRef = 04E7ACA41F8333B40024BB2F /* LaunchScreen.storyboard */; };
		04E7ACA91F8333B40024BB2F /* main.m in Sources */ = {isa = PBXBuildFile; fileRef = 04E7ACA81F8333B40024BB2F /* main.m */; };
		9D858A28660512DB9804D3FD /* libPods-PYExceptionDemo.a in Frameworks */ = {isa = PBXBuildFile; fileRef = 2C2BD383B3999635B55C61BC /* libPods-PYExceptionDemo.a */; };
/* End PBXBuildFile section */

/* Begin PBXFileReference section */
		04E7AC961F8333B40024BB2F /* PYExceptionDemo.app */ = {isa = PBXFileReference; explicitFileType = wrapper.application; includeInIndex = 0; path = PYExceptionDemo.app; sourceTree = BUILT_PRODUCTS_DIR; };
		04E7AC991F8333B40024BB2F /* AppDelegate.h */ = {isa = PBXFileReference; lastKnownFileType = sourcecode.c.h; path = AppDelegate.h; sourceTree = "<group>"; };
		04E7AC9A1F8333B40024BB2F /* AppDelegate.m */ = {isa = PBXFileReference; lastKnownFileType = sourcecode.c.objc; path = AppDelegate.m; sourceTree = "<group>"; };
		04E7AC9C1F8333B40024BB2F /* ViewController.h */ = {isa = PBXFileReference; lastKnownFileType = sourcecode.c.h; path = ViewController.h; sourceTree = "<group>"; };
		04E7AC9D1F8333B40024BB2F /* ViewController.m */ = {isa = PBXFileReference; lastKnownFileType = sourcecode.c.objc; path = ViewController.m; sourceTree = "<group>"; };
		04E7ACA01F8333B40024BB2F /* Base */ = {isa = PBXFileReference; lastKnownFileType = file.storyboard; name = Base; path = Base.lproj/Main.storyboard; sourceTree = "<group>"; };
		04E7ACA21F8333B40024BB2F /* Assets.xcassets */ = {isa = PBXFileReference; lastKnownFileType = folder.assetcatalog; path = Assets.xcassets; sourceTree = "<group>"; };
		04E7ACA51F8333B40024BB2F /* Base */ = {isa = PBXFileReference; lastKnownFileType = file.storyboard; name = Base; path = Base.lproj/LaunchScreen.storyboard; sourceTree = "<group>"; };
		04E7ACA71F8333B40024BB2F /* Info.plist */ = {isa = PBXFileReference; lastKnownFileType = text.plist.xml; path = Info.plist; sourceTree = "<group>"; };
		04E7ACA81F8333B40024BB2F /* main.m */ = {isa = PBXFileReference; lastKnownFileType = sourcecode.c.objc; path = main.m; sourceTree = "<group>"; };
		2C2BD383B3999635B55C61BC /* libPods-PYExceptionDemo.a */ = {isa = PBXFileReference; explicitFileType = archive.ar; includeInIndex = 0; path = "libPods-PYExceptionDemo.a"; sourceTree = BUILT_PRODUCTS_DIR; };
		D27D219A338CCE451FAAED30 /* Pods-PYExceptionDemo.debug.xcconfig */ = {isa = PBXFileReference; includeInIndex = 1; lastKnownFileType = text.xcconfig; name = "Pods-PYExceptionDemo.debug.xcconfig"; path = "Pods/Target Support Files/Pods-PYExceptionDemo/Pods-PYExceptionDemo.debug.xcconfig"; sourceTree = "<group>"; };
		FB5F08A74A8749589A56E562 /* Pods-PYExceptionDemo.release.xcconfig */ = {isa = PBXFileReference; includeInIndex = 1; lastKnownFileType = text.xcconfig; name = "Pods-PYExceptionDemo.release.xcconfig"; path = "Pods/Target Support Files/Pods-PYExceptionDemo/Pods-PYExceptionDemo.release.xcconfig"; sourceTree = "<group>"; };
/* End PBXFileReference section */

/* Begin PBXFrameworksBuildPhase section */
		04E7AC931F8333B40024BB2F /* Frameworks */ = {
			isa = PBXFrameworksBuildPhase;
			buildActionMask = 2147483647;
			files = (
				9D858A28660512DB9804D3FD /* libPods-PYExceptionDemo.a in Frameworks */,
			);
			runOnlyForDeploymentPostprocessing = 0;
		};
/* End PBXFrameworksBuildPhase section */

/* Begin PBXGroup section */
		04E7AC8D1F8333B40024BB2F = {
			isa = PBXGroup;
			children = (
				04E7AC981F8333B40024BB2F /* PYExceptionDemo */,
				04E7AC971F8333B40024BB2F /* Products */,
				BE137DDAA7232E5B4DF6EEC9 /* Pods */,
				58F5EB9B4F4560A61580CD36 /* Frameworks */,
			);
			sourceTree = "<group>";
		};
		04E7AC971F8333B40024BB2F /* Products */ = {
			isa = PBXGroup;
			children = (
				04E7AC961F8333B40024BB2F /* PYExceptionDemo.app */,
			);
			name = Products;
			sourceTree = "<group>";
		};
		04E7AC981F8333B40024BB2F /* PYExceptionDemo */ = {
			isa = PBXGroup;
			children = (
				04E7AC991F8333B40024BB2F /* AppDelegate.h */,
				04E7AC9A1F8333B40024BB2F /* AppDelegate.m */,
				04E7AC9C1F8333B40024BB2F /* ViewController.h */,
				04E7AC9D1F8333B40024BB2F /* ViewController.m */,
				04E7AC9F1F8333B40024BB2F /* Main.storyboard */,
				04E7ACA21F8333B40024BB2F /* Assets.xcassets */,
				04E7ACA41F8333B40024BB2F /* LaunchScreen.storyboard */,
				04E7ACA71F8333B40024BB2F /* Info.plist */,
				04E7ACA81F8333B40024BB2F /* main.m */,
			);
			path = PYExceptionDemo;
			sourceTree = "<group>";
		};
		58F5EB9B4F4560A61580CD36 /* Frameworks */ = {
			isa = PBXGroup;
			children = (
				2C2BD383B3999635B55C61BC /* libPods-PYExceptionDemo.a */,
			);
			name = Frameworks;
			sourceTree = "<group>";
		};
		BE137DDAA7232E5B4DF6EEC9 /* Pods */ = {
			isa = PBXGroup;
			children = (
				D27D219A338CCE451FAAED30 /* Pods-PYExceptionDemo.debug.xcconfig */,
				FB5F08A74A8749589A56E562 /* Pods-PYExceptionDemo.release.xcconfig */,
			);
			name = Pods;
			sourceTree = "<group>";
		};
/* End PBXGroup section */

/* Begin PBXNativeTarget section */
		04E7AC951F8333B40024BB2F /* PYExceptionDemo */ = {
			isa = PBXNativeTarget;
			buildConfigurationList = 04E7ACAC1F8333B40024BB2F /* Build configuration list for PBXNativeTarget "PYExceptionDemo" */;
			buildPhases = (
				D0C9E6F2EE0CF61708F5450F /* [CP] Check Pods Manifest.lock */,
				04E7AC921F8333B40024BB2F /* Sources */,
				04E7AC931F8333B40024BB2F /* Frameworks */,
				04E7AC941F8333B40024BB2F /* Resources */,
			);
			buildRules = (
			);
			dependencies = (
			);
			name = PYExceptionDemo;
			productName = PYExceptionDemo;
			productReference = 04E7AC961F8333B40024BB2F /* PYExceptionDemo.app */;
			productType = "com.apple.product-type.application";
		};
/* End PBXNativeTarget section */

/* Begin PBXProject section */
		04E7AC8E1F8333B40024BB2F /* Project object */ = {
			isa = PBXProject;
			attributes = {
				LastUpgradeCheck = 0900;
				ORGANIZATIONNAME = "于浦洋";
				TargetAttributes = {
					04E7AC951F8333B40024BB2F = {
						CreatedOnToolsVersion = 9.0;
						ProvisioningStyle = Automatic;
					};
				};
			};
			buildConfigurationList = 04E7AC911F8333B40024BB2F /* Build configuration list for PBXProject "PYExceptionDemo" */;
			compatibilityVersion = "Xcode 8.0";
			developmentRegion = en;
			hasScannedForEncodings = 0;
			knownRegions = (
				en,
				Base,
			);
			mainGroup = 04E7AC8D1F8333B40024BB2F;
			productRefGroup = 04E7AC971F8333B40024BB2F /* Products */;
			projectDirPath = "";
			projectRoot = "";
			targets = (
				04E7AC951F8333B40024BB2F /* PYExceptionDemo */,
			);
		};
/* End PBXProject section */

/* Begin PBXResourcesBuildPhase section */
		04E7AC941F8333B40024BB2F /* Resources */ = {
			isa = PBXResourcesBuildPhase;
			buildActionMask = 2147483647;
			files = (
				04E7ACA61F8333B40024BB2F /* LaunchScreen.storyboard in Resources */,
				04E7ACA31F8333B40024BB2F /* Assets.xcassets in Resources */,
				04E7ACA11F8333B40024BB2F /* Main.storyboard in Resources */,
			);
			runOnlyForDeploymentPostprocessing = 0;
		};
/* End PBXResourcesBuildPhase section */

/* Begin PBXShellScriptBuildPhase section */
		D0C9E6F2EE0CF61708F5450F /* [CP] Check Pods Manifest.lock */ = {
			isa = PBXShellScriptBuildPhase;
			buildActionMask = 2147483647;
			files = (
			);
			inputPaths = (
				"${PODS_PODFILE_DIR_PATH}/Podfile.lock",
				"${PODS_ROOT}/Manifest.lock",
			);
			name = "[CP] Check Pods Manifest.lock";
			outputPaths = (
				"$(DERIVED_FILE_DIR)/Pods-PYExceptionDemo-checkManifestLockResult.txt",
			);
			runOnlyForDeploymentPostprocessing = 0;
			shellPath = /bin/sh;
			shellScript = "diff \"${PODS_PODFILE_DIR_PATH}/Podfile.lock\" \"${PODS_ROOT}/Manifest.lock\" > /dev/null\nif [ $? != 0 ] ; then\n    # print error to STDERR\n    echo \"error: The sandbox is not in sync with the Podfile.lock. Run 'pod install' or update your CocoaPods installation.\" >&2\n    exit 1\nfi\n# This output is used by Xcode 'outputs' to avoid re-running this script phase.\necho \"SUCCESS\" > \"${SCRIPT_OUTPUT_FILE_0}\"\n";
			showEnvVarsInLog = 0;
		};
/* End PBXShellScriptBuildPhase section */

/* Begin PBXSourcesBuildPhase section */
		04E7AC921F8333B40024BB2F /* Sources */ = {
			isa = PBXSourcesBuildPhase;
			buildActionMask = 2147483647;
			files = (
				04E7AC9E1F8333B40024BB2F /* ViewController.m in Sources */,
				04E7ACA91F8333B40024BB2F /* main.m in Sources */,
				04E7AC9B1F8333B40024BB2F /* AppDelegate.m in Sources */,
			);
			runOnlyForDeploymentPostprocessing = 0;
		};
/* End PBXSourcesBuildPhase section */

/* Begin PBXVariantGroup section */
		04E7AC9F1F8333B40024BB2F /* Main.storyboard */ = {
			isa = PBXVariantGroup;
			children = (
				04E7ACA01F8333B40024BB2F /* Base */,
			);
			name = Main.storyboard;
			sourceTree = "<group>";
		};
		04E7ACA41F8333B40024BB2F /* LaunchScreen.storyboard */ = {
			isa = PBXVariantGroup;
			children = (
				04E7ACA51F8333B40024BB2F /* Base */,
			);
			name = LaunchScreen.storyboard;
			sourceTree = "<group>";
		};
/* End PBXVariantGroup section */

/* Begin XCBuildConfiguration section */
		04E7ACAA1F8333B40024BB2F /* Debug */ = {
			isa = XCBuildConfiguration;
			buildSettings = {
				ALWAYS_SEARCH_USER_PATHS = NO;
				CLANG_ANALYZER_NONNULL = YES;
				CLANG_ANALYZER_NUMBER_OBJECT_CONVERSION = YES_AGGRESSIVE;
				CLANG_CXX_LANGUAGE_STANDARD = "gnu++14";
				CLANG_CXX_LIBRARY = "libc++";
				CLANG_ENABLE_MODULES = YES;
				CLANG_ENABLE_OBJC_ARC = YES;
				CLANG_WARN_BLOCK_CAPTURE_AUTORELEASING = YES;
				CLANG_WARN_BOOL_CONVERSION = YES;
				CLANG_WARN_COMMA = YES;
				CLANG_WARN_CONSTANT_CONVERSION = YES;
				CLANG_WARN_DIRECT_OBJC_ISA_USAGE = YES_ERROR;
				CLANG_WARN_DOCUMENTATION_COMMENTS = YES;
				CLANG_WARN_EMPTY_BODY = YES;
				CLANG_WARN_ENUM_CONVERSION = YES;
				CLANG_WARN_INFINITE_RECURSION = YES;
				CLANG_WARN_INT_CONVERSION = YES;
				CLANG_WARN_NON_LITERAL_NULL_CONVERSION = YES;
				CLANG_WARN_OBJC_LITERAL_CONVERSION = YES;
				CLANG_WARN_OBJC_ROOT_CLASS = YES_ERROR;
				CLANG_WARN_RANGE_LOOP_ANALYSIS = YES;
				CLANG_WARN_STRICT_PROTOTYPES = YES;
				CLANG_WARN_SUSPICIOUS_MOVE = YES;
				CLANG_WARN_UNGUARDED_AVAILABILITY = YES_AGGRESSIVE;
				CLANG_WARN_UNREACHABLE_CODE = YES;
				CLANG_WARN__DUPLICATE_METHOD_MATCH = YES;
				CODE_SIGN_IDENTITY = "iPhone Developer";
				COPY_PHASE_STRIP = NO;
				DEBUG_INFORMATION_FORMAT = dwarf;
				ENABLE_STRICT_OBJC_MSGSEND = YES;
				ENABLE_TESTABILITY = YES;
				GCC_C_LANGUAGE_STANDARD = gnu11;
				GCC_DYNAMIC_NO_PIC = NO;
				GCC_NO_COMMON_BLOCKS = YES;
				GCC_OPTIMIZATION_LEVEL = 0;
				GCC_PREPROCESSOR_DEFINITIONS = (
					"DEBUG=1",
					"$(inherited)",
				);
				GCC_WARN_64_TO_32_BIT_CONVERSION = YES;
				GCC_WARN_ABOUT_RETURN_TYPE = YES_ERROR;
				GCC_WARN_UNDECLARED_SELECTOR = YES;
				GCC_WARN_UNINITIALIZED_AUTOS = YES_AGGRESSIVE;
				GCC_WARN_UNUSED_FUNCTION = YES;
				GCC_WARN_UNUSED_VARIABLE = YES;
				IPHONEOS_DEPLOYMENT_TARGET = 11.0;
				MTL_ENABLE_DEBUG_INFO = YES;
				ONLY_ACTIVE_ARCH = YES;
				SDKROOT = iphoneos;
			};
			name = Debug;
		};
		04E7ACAB1F8333B40024BB2F /* Release */ = {
			isa = XCBuildConfiguration;
			buildSettings = {
				ALWAYS_SEARCH_USER_PATHS = NO;
				CLANG_ANALYZER_NONNULL = YES;
				CLANG_ANALYZER_NUMBER_OBJECT_CONVERSION = YES_AGGRESSIVE;
				CLANG_CXX_LANGUAGE_STANDARD = "gnu++14";
				CLANG_CXX_LIBRARY = "libc++";
				CLANG_ENABLE_MODULES = YES;
				CLANG_ENABLE_OBJC_ARC = YES;
				CLANG_WARN_BLOCK_CAPTURE_AUTORELEASING = YES;
				CLANG_WARN_BOOL_CONVERSION = YES;
				CLANG_WARN_COMMA = YES;
				CLANG_WARN_CONSTANT_CONVERSION = YES;
				CLANG_WARN_DIRECT_OBJC_ISA_USAGE = YES_ERROR;
				CLANG_WARN_DOCUMENTATION_COMMENTS = YES;
				CLANG_WARN_EMPTY_BODY = YES;
				CLANG_WARN_ENUM_CONVERSION = YES;
				CLANG_WARN_INFINITE_RECURSION = YES;
				CLANG_WARN_INT_CONVERSION = YES;
				CLANG_WARN_NON_LITERAL_NULL_CONVERSION = YES;
				CLANG_WARN_OBJC_LITERAL_CONVERSION = YES;
				CLANG_WARN_OBJC_ROOT_CLASS = YES_ERROR;
				CLANG_WARN_RANGE_LOOP_ANALYSIS = YES;
				CLANG_WARN_STRICT_PROTOTYPES = YES;
				CLANG_WARN_SUSPICIOUS_MOVE = YES;
				CLANG_WARN_UNGUARDED_AVAILABILITY = YES_AGGRESSIVE;
				CLANG_WARN_UNREACHABLE_CODE = YES;
				CLANG_WARN__DUPLICATE_METHOD_MATCH = YES;
				CODE_SIGN_IDENTITY = "iPhone Developer";
				COPY_PHASE_STRIP = NO;
				DEBUG_INFORMATION_FORMAT = "dwarf-with-dsym";
				ENABLE_NS_ASSERTIONS = NO;
				ENABLE_STRICT_OBJC_MSGSEND = YES;
				GCC_C_LANGUAGE_STANDARD = gnu11;
				GCC_NO_COMMON_BLOCKS = YES;
				GCC_WARN_64_TO_32_BIT_CONVERSION = YES;
				GCC_WARN_ABOUT_RETURN_TYPE = YES_ERROR;
				GCC_WARN_UNDECLARED_SELECTOR = YES;
				GCC_WARN_UNINITIALIZED_AUTOS = YES_AGGRESSIVE;
				GCC_WARN_UNUSED_FUNCTION = YES;
				GCC_WARN_UNUSED_VARIABLE = YES;
				IPHONEOS_DEPLOYMENT_TARGET = 11.0;
				MTL_ENABLE_DEBUG_INFO = NO;
				SDKROOT = iphoneos;
				VALIDATE_PRODUCT = YES;
			};
			name = Release;
		};
		04E7ACAD1F8333B40024BB2F /* Debug */ = {
			isa = XCBuildConfiguration;
			baseConfigurationReference = D27D219A338CCE451FAAED30 /* Pods-PYExceptionDemo.debug.xcconfig */;
			buildSettings = {
				ASSETCATALOG_COMPILER_APPICON_NAME = AppIcon;
				CODE_SIGN_STYLE = Automatic;
				DEVELOPMENT_TEAM = L3B82TM5D5;
				INFOPLIST_FILE = PYExceptionDemo/Info.plist;
				IPHONEOS_DEPLOYMENT_TARGET = 8.0;
				LD_RUNPATH_SEARCH_PATHS = "$(inherited) @executable_path/Frameworks";
				PRODUCT_BUNDLE_IDENTIFIER = com.puyang.exception.PYExceptionDemo;
				PRODUCT_NAME = "$(TARGET_NAME)";
				TARGETED_DEVICE_FAMILY = "1,2";
			};
			name = Debug;
		};
		04E7ACAE1F8333B40024BB2F /* Release */ = {
			isa = XCBuildConfiguration;
			baseConfigurationReference = FB5F08A74A8749589A56E562 /* Pods-PYExceptionDemo.release.xcconfig */;
			buildSettings = {
				ASSETCATALOG_COMPILER_APPICON_NAME = AppIcon;
				CODE_SIGN_STYLE = Automatic;
				DEVELOPMENT_TEAM = L3B82TM5D5;
				INFOPLIST_FILE = PYExceptionDemo/Info.plist;
				IPHONEOS_DEPLOYMENT_TARGET = 8.0;
				LD_RUNPATH_SEARCH_PATHS = "$(inherited) @executable_path/Frameworks";
				PRODUCT_BUNDLE_IDENTIFIER = com.puyang.exception.PYExceptionDemo;
				PRODUCT_NAME = "$(TARGET_NAME)";
				TARGETED_DEVICE_FAMILY = "1,2";
			};
			name = Release;
		};
/* End XCBuildConfiguration section */

/* Begin XCConfigurationList section */
		04E7AC911F8333B40024BB2F /* Build configuration list for PBXProject "PYExceptionDemo" */ = {
			isa = XCConfigurationList;
			buildConfigurations = (
				04E7ACAA1F8333B40024BB2F /* Debug */,
				04E7ACAB1F8333B40024BB2F /* Release */,
			);
			defaultConfigurationIsVisible = 0;
			defaultConfigurationName = Release;
		};
		04E7ACAC1F8333B40024BB2F /* Build configuration list for PBXNativeTarget "PYExceptionDemo" */ = {
			isa = XCConfigurationList;
			buildConfigurations = (
				04E7ACAD1F8333B40024BB2F /* Debug */,
				04E7ACAE1F8333B40024BB2F /* Release */,
			);
			defaultConfigurationIsVisible = 0;
			defaultConfigurationName = Release;
		};
/* End XCConfigurationList section */
	};
	rootObject = 04E7AC8E1F8333B40024BB2F /* Project object */;
}
