PODS:
  - PYException (0.1.40):
    - PYException/All (= 0.1.40)
  - PYException/All (0.1.40):
    - PYException/ARC
    - PYException/Global
    - PYException/Header
    - PYException/MRC
    - PYException/PYDeallocBlock
    - PYException/Swizzling
  - PYException/ARC (0.1.40):
    - PYException/PYDeallocBlock
    - PYException/Swizzling
  - PYException/Global (0.1.40)
  - PYException/Header (0.1.40)
  - PYException/MRC (0.1.40):
    - PYException/Global
    - PYException/PYDeallocBlock
    - PYException/Swizzling
  - PYException/PYDeallocBlock (0.1.40)
  - PYException/Swizzling (0.1.40):
    - PYException/Global

DEPENDENCIES:
  - PYException (from `../`)

EXTERNAL SOURCES:
  PYException:
    :path: "../"

SPEC CHECKSUMS:
  PYException: 492747c0e5d1b58b7ecc819fba2608ccecd1a58a

PODFILE CHECKSUM: cebc821281f28afc868d535a4223c6a46164b0ed

COCOAPODS: 1.5.3
