PODS:
  - PYException (0.1.19):
    - PYException/All (= 0.1.19)
  - PYException/All (0.1.19):
    - PYException/ARC
    - PYException/Global
    - PYException/Header
    - PYException/MRC
    - PYException/PYDeallocBlock
    - PYException/Swizzling
  - PYException/ARC (0.1.19):
    - PYException/PYDeallocBlock
    - PYException/Swizzling
  - PYException/Global (0.1.19)
  - PYException/Header (0.1.19)
  - PYException/MRC (0.1.19):
    - PYException/PYDeallocBlock
    - PYException/Swizzling
  - PYException/PYDeallocBlock (0.1.19)
  - PYException/Swizzling (0.1.19):
    - PYException/Global

DEPENDENCIES:
  - PYException (from `../`)

EXTERNAL SOURCES:
  PYException:
    :path: "../"

SPEC CHECKSUMS:
  PYException: 1009aebe8f069019be048abbb27b7dc1ce72049f

PODFILE CHECKSUM: cebc821281f28afc868d535a4223c6a46164b0ed

COCOAPODS: 1.5.3
